# This file is automatically @generated by Cargo.
# It is not intended for manual editing.
version = 4

[[package]]
name = "openhost-client"
version = "0.0.0"
dependencies = [
 "openhost-core",
]

[[package]]
name = "openhost-core"
version = "0.0.0"

[[package]]
name = "openhost-daemon"
version = "0.0.0"
dependencies = [
 "openhost-core",
]

[[package]]
name = "openhost-ffi"
version = "0.0.0"
dependencies = [
 "openhost-client",
]

[[package]]
name = "openhost-pkarr"
version = "0.0.0"
dependencies = [
 "openhost-core",
]
